{
  "lockfileVersion": 1,
  "workspaces": {
    "": {
      "name": "llm-browser-agent",
      "devDependencies": {
        "turbo": "^2",
      },
    },
    "packages/ai": {
      "name": "@llm-browser-agent/ai",
      "version": "0.0.0",
      "dependencies": {
        "@llm-browser-agent/tools": "workspace:*",
        "playwright": "^1.57.0",
      },
      "devDependencies": {
        "@types/bun": "latest",
      },
      "peerDependencies": {
        "typescript": "^5",
      },
    },
    "packages/tools": {
      "name": "@llm-browser-agent/tools",
      "version": "0.0.0",
      "dependencies": {
        "ai": "^5.0.106",
        "playwright": "^1.57.0",
        "zod": "3",
      },
      "devDependencies": {
        "@types/bun": "latest",
      },
      "peerDependencies": {
        "typescript": "^5",
      },
    },
  },
  "packages": {
    "@ai-sdk/gateway": ["@ai-sdk/gateway@2.0.18", "", { "dependencies": { "@ai-sdk/provider": "2.0.0", "@ai-sdk/provider-utils": "3.0.18", "@vercel/oidc": "3.0.5" }, "peerDependencies": { "zod": "^3.25.76 || ^4.1.8" } }, "sha512-sDQcW+6ck2m0pTIHW6BPHD7S125WD3qNkx/B8sEzJp/hurocmJ5Cni0ybExg6sQMGo+fr/GWOwpHF1cmCdg5rQ=="],

    "@ai-sdk/provider": ["@ai-sdk/provider@2.0.0", "", { "dependencies": { "json-schema": "^0.4.0" } }, "sha512-6o7Y2SeO9vFKB8lArHXehNuusnpddKPk7xqL7T2/b+OvXMRIXUO1rR4wcv1hAFUAT9avGZshty3Wlua/XA7TvA=="],

    "@ai-sdk/provider-utils": ["@ai-sdk/provider-utils@3.0.18", "", { "dependencies": { "@ai-sdk/provider": "2.0.0", "@standard-schema/spec": "^1.0.0", "eventsource-parser": "^3.0.6" }, "peerDependencies": { "zod": "^3.25.76 || ^4.1.8" } }, "sha512-ypv1xXMsgGcNKUP+hglKqtdDuMg68nWHucPPAhIENrbFAI+xCHiqPVN8Zllxyv1TNZwGWUghPxJXU+Mqps0YRQ=="],

    "@llm-browser-agent/ai": ["@llm-browser-agent/ai@workspace:packages/ai"],

    "@llm-browser-agent/tools": ["@llm-browser-agent/tools@workspace:packages/tools"],

    "@opentelemetry/api": ["@opentelemetry/api@1.9.0", "", {}, "sha512-3giAOQvZiH5F9bMlMiv8+GSPMeqg0dbaeo58/0SlA9sxSqZhnUtxzX9/2FzyhS9sWQf5S0GJE0AKBrFqjpeYcg=="],

    "@standard-schema/spec": ["@standard-schema/spec@1.0.0", "", {}, "sha512-m2bOd0f2RT9k8QJx1JN85cZYyH1RqFBdlwtkSlf4tBDYLCiiZnv1fIIwacK6cqwXavOydf0NPToMQgpKq+dVlA=="],

    "@types/bun": ["@types/bun@1.3.3", "", { "dependencies": { "bun-types": "1.3.3" } }, "sha512-ogrKbJ2X5N0kWLLFKeytG0eHDleBYtngtlbu9cyBKFtNL3cnpDZkNdQj8flVf6WTZUX5ulI9AY1oa7ljhSrp+g=="],

    "@types/node": ["@types/node@24.10.1", "", { "dependencies": { "undici-types": "~7.16.0" } }, "sha512-GNWcUTRBgIRJD5zj+Tq0fKOJ5XZajIiBroOF0yvj2bSU1WvNdYS/dn9UxwsujGW4JX06dnHyjV2y9rRaybH0iQ=="],

    "@vercel/oidc": ["@vercel/oidc@3.0.5", "", {}, "sha512-fnYhv671l+eTTp48gB4zEsTW/YtRgRPnkI2nT7x6qw5rkI1Lq2hTmQIpHPgyThI0znLK+vX2n9XxKdXZ7BUbbw=="],

    "ai": ["ai@5.0.106", "", { "dependencies": { "@ai-sdk/gateway": "2.0.18", "@ai-sdk/provider": "2.0.0", "@ai-sdk/provider-utils": "3.0.18", "@opentelemetry/api": "1.9.0" }, "peerDependencies": { "zod": "^3.25.76 || ^4.1.8" } }, "sha512-M5obwavxSJJ3tGlAFqI6eltYNJB0D20X6gIBCFx/KVorb/X1fxVVfiZZpZb+Gslu4340droSOjT0aKQFCarNVg=="],

    "bun-types": ["bun-types@1.3.3", "", { "dependencies": { "@types/node": "*" } }, "sha512-z3Xwlg7j2l9JY27x5Qn3Wlyos8YAp0kKRlrePAOjgjMGS5IG6E7Jnlx736vH9UVI4wUICwwhC9anYL++XeOgTQ=="],

    "eventsource-parser": ["eventsource-parser@3.0.6", "", {}, "sha512-Vo1ab+QXPzZ4tCa8SwIHJFaSzy4R6SHf7BY79rFBDf0idraZWAkYrDjDj8uWaSm3S2TK+hJ7/t1CEmZ7jXw+pg=="],

    "fsevents": ["fsevents@2.3.2", "", { "os": "darwin" }, "sha512-xiqMQR4xAeHTuB9uWm+fFRcIOgKBMiOBP+eXiyT7jsgVCq1bkVygt00oASowB7EdtpOHaaPgKt812P9ab+DDKA=="],

    "json-schema": ["json-schema@0.4.0", "", {}, "sha512-es94M3nTIfsEPisRafak+HDLfHXnKBhV3vU5eqPcS3flIWqcxJWgXHXiey3YrpaNsanY5ei1VoYEbOzijuq9BA=="],

    "playwright": ["playwright@1.57.0", "", { "dependencies": { "playwright-core": "1.57.0" }, "optionalDependencies": { "fsevents": "2.3.2" }, "bin": { "playwright": "cli.js" } }, "sha512-ilYQj1s8sr2ppEJ2YVadYBN0Mb3mdo9J0wQ+UuDhzYqURwSoW4n1Xs5vs7ORwgDGmyEh33tRMeS8KhdkMoLXQw=="],

    "playwright-core": ["playwright-core@1.57.0", "", { "bin": { "playwright-core": "cli.js" } }, "sha512-agTcKlMw/mjBWOnD6kFZttAAGHgi/Nw0CZ2o6JqWSbMlI219lAFLZZCyqByTsvVAJq5XA5H8cA6PrvBRpBWEuQ=="],

    "turbo": ["turbo@2.6.2", "", { "optionalDependencies": { "turbo-darwin-64": "2.6.2", "turbo-darwin-arm64": "2.6.2", "turbo-linux-64": "2.6.2", "turbo-linux-arm64": "2.6.2", "turbo-windows-64": "2.6.2", "turbo-windows-arm64": "2.6.2" }, "bin": { "turbo": "bin/turbo" } }, "sha512-LiQAFS6iWvnY8ViGtoPgduWBeuGH9B32XR4p8H8jxU5PudwyHiiyf1jQW0fCC8gCCTz9itkIbqZLIyUu5AG33w=="],

    "turbo-darwin-64": ["turbo-darwin-64@2.6.2", "", { "os": "darwin", "cpu": "x64" }, "sha512-nF9d/YAyrNkyXn9lp3ZtgXPb7fZsik3cUNe/sBvUO0G5YezUS/kDYYw77IdjizDzairz8pL2ITCTUreG2d5iZQ=="],

    "turbo-darwin-arm64": ["turbo-darwin-arm64@2.6.2", "", { "os": "darwin", "cpu": "arm64" }, "sha512-mmm0jFaVramST26XE1Lk2qjkjvLJHOe9f3TFjqY+aByjMK/ZmKE5WFPuCWo4L3xhwx+16T37rdPP//76loB3oA=="],

    "turbo-linux-64": ["turbo-linux-64@2.6.2", "", { "os": "linux", "cpu": "x64" }, "sha512-IUMHjkVRJDUABGpi+iS1Le59aOl5DX88U5UT/mKaE7nNEjG465+a8UtYno56cZnLP+C6BkX4I93LFgYf9syjGQ=="],

    "turbo-linux-arm64": ["turbo-linux-arm64@2.6.2", "", { "os": "linux", "cpu": "arm64" }, "sha512-0qQdZiimMUZj2Gfq87thYu0E02NaNcsB3lcEK/TD70Zzi7AxQoxye664Gis0Uao2j2L9/+05wC2btZ7SoFX3Gw=="],

    "turbo-windows-64": ["turbo-windows-64@2.6.2", "", { "os": "win32", "cpu": "x64" }, "sha512-BmMfFmt0VaoZL4NbtDq/dzGfjHsPoGU2+vFiZtkiYsttHY3fd/Dmgnu9PuRyJN1pv2M22q88rXO+dqYRHztLMw=="],

    "turbo-windows-arm64": ["turbo-windows-arm64@2.6.2", "", { "os": "win32", "cpu": "arm64" }, "sha512-0r4s4M/FgLxfjrdLPdqQUur8vZAtaWEi4jhkQ6wCIN2xzA9aee9IKwM53w7CQcjaLvWhT0AU7LTQHjFaHwxiKw=="],

    "typescript": ["typescript@5.9.3", "", { "bin": { "tsc": "bin/tsc", "tsserver": "bin/tsserver" } }, "sha512-jl1vZzPDinLr9eUt3J/t7V6FgNEw9QjvBPdysz9KfQDD41fQrC2Y4vKQdiaUpFT4bXlb1RHhLpp8wtm6M5TgSw=="],

    "undici-types": ["undici-types@7.16.0", "", {}, "sha512-Zz+aZWSj8LE6zoxD+xrjh4VfkIG8Ya6LvYkZqtUQGJPZjYl53ypCaUwWqo7eI0x66KBGeRo+mlBEkMSeSZ38Nw=="],

    "zod": ["zod@3.25.76", "", {}, "sha512-gzUt/qt81nXsFGKIFcC3YnfEAx5NkunCfnDlvuBSSFS02bcXu4Lmea0AFIUwbLWxWPx3d9p8S5QoaujKcNQxcQ=="],
  }
}
